
Microsoft Visual Studio Solution File, Format Version 12.00
# Visual Studio 2013
VisualStudioVersion = 12.0.40629.0
MinimumVisualStudioVersion = 10.0.40219.1
Project("{FAE04EC0-301F-11D3-BF4B-00C04F79EFBC}") = "CRM", "CRM\CRM.csproj", "{98CDDA91-12F0-4E41-AB63-1AA2E6E5DB0A}"
EndProject
Project("{FAE04EC0-301F-11D3-BF4B-00C04F79EFBC}") = "CRM.Tests", "CRM.Tests\CRM.Tests.csproj", "{00589A73-5AA4-4D62-9006-3764A48156FA}"
EndProject
Global
	GlobalSection(SolutionConfigurationPlatforms) = preSolution
		Debug|Any CPU = Debug|Any CPU
		Release|Any CPU = Release|Any CPU
	EndGlobalSection
	GlobalSection(ProjectConfigurationPlatforms) = postSolution
		{98CDDA91-12F0-4E41-AB63-1AA2E6E5DB0A}.Debug|Any CPU.ActiveCfg = Debug|Any CPU
		{98CDDA91-12F0-4E41-AB63-1AA2E6E5DB0A}.Debug|Any CPU.Build.0 = Debug|Any CPU
		{98CDDA91-12F0-4E41-AB63-1AA2E6E5DB0A}.Release|Any CPU.ActiveCfg = Release|Any CPU
		{98CDDA91-12F0-4E41-AB63-1AA2E6E5DB0A}.Release|Any CPU.Build.0 = Release|Any CPU
		{00589A73-5AA4-4D62-9006-3764A48156FA}.Debug|Any CPU.ActiveCfg = Debug|Any CPU
		{00589A73-5AA4-4D62-9006-3764A48156FA}.Debug|Any CPU.Build.0 = Debug|Any CPU
		{00589A73-5AA4-4D62-9006-3764A48156FA}.Release|Any CPU.ActiveCfg = Release|Any CPU
		{00589A73-5AA4-4D62-9006-3764A48156FA}.Release|Any CPU.Build.0 = Release|Any CPU
	EndGlobalSection
	GlobalSection(SolutionProperties) = preSolution
		HideSolutionNode = FALSE
	EndGlobalSection
EndGlobal
