
Microsoft Visual Studio Solution File, Format Version 12.00
# Visual Studio 2013
VisualStudioVersion = 12.0.40629.0
MinimumVisualStudioVersion = 10.0.40219.1
Project("{FAE04EC0-301F-11D3-BF4B-00C04F79EFBC}") = "WebApp", "EFCodeFirstTest\WebApp.csproj", "{BA9E5548-11F6-412D-9F9D-0C0FE0FCFB7B}"
EndProject
Project("{FAE04EC0-301F-11D3-BF4B-00C04F79EFBC}") = "CrmModels", "Models\CrmModels.csproj", "{3B9E93F6-9BDF-4710-9448-DEABDF1BF35D}"
EndProject
Project("{FAE04EC0-301F-11D3-BF4B-00C04F79EFBC}") = "CrmRepository", "CrmRepository\CrmRepository.csproj", "{DCF216BF-0C82-431B-AA2D-484C7E7D1745}"
EndProject
Project("{FAE04EC0-301F-11D3-BF4B-00C04F79EFBC}") = "CrmDatabaseManagement", "DatabaseManagement\CrmDatabaseManagement.csproj", "{A5F0C1DC-B54D-4D8F-91CB-F534480638E5}"
EndProject
Global
	GlobalSection(SolutionConfigurationPlatforms) = preSolution
		Debug|Any CPU = Debug|Any CPU
		Release|Any CPU = Release|Any CPU
	EndGlobalSection
	GlobalSection(ProjectConfigurationPlatforms) = postSolution
		{BA9E5548-11F6-412D-9F9D-0C0FE0FCFB7B}.Debug|Any CPU.ActiveCfg = Debug|Any CPU
		{BA9E5548-11F6-412D-9F9D-0C0FE0FCFB7B}.Debug|Any CPU.Build.0 = Debug|Any CPU
		{BA9E5548-11F6-412D-9F9D-0C0FE0FCFB7B}.Release|Any CPU.ActiveCfg = Release|Any CPU
		{BA9E5548-11F6-412D-9F9D-0C0FE0FCFB7B}.Release|Any CPU.Build.0 = Release|Any CPU
		{3B9E93F6-9BDF-4710-9448-DEABDF1BF35D}.Debug|Any CPU.ActiveCfg = Debug|Any CPU
		{3B9E93F6-9BDF-4710-9448-DEABDF1BF35D}.Debug|Any CPU.Build.0 = Debug|Any CPU
		{3B9E93F6-9BDF-4710-9448-DEABDF1BF35D}.Release|Any CPU.ActiveCfg = Release|Any CPU
		{3B9E93F6-9BDF-4710-9448-DEABDF1BF35D}.Release|Any CPU.Build.0 = Release|Any CPU
		{DCF216BF-0C82-431B-AA2D-484C7E7D1745}.Debug|Any CPU.ActiveCfg = Debug|Any CPU
		{DCF216BF-0C82-431B-AA2D-484C7E7D1745}.Debug|Any CPU.Build.0 = Debug|Any CPU
		{DCF216BF-0C82-431B-AA2D-484C7E7D1745}.Release|Any CPU.ActiveCfg = Release|Any CPU
		{DCF216BF-0C82-431B-AA2D-484C7E7D1745}.Release|Any CPU.Build.0 = Release|Any CPU
		{A5F0C1DC-B54D-4D8F-91CB-F534480638E5}.Debug|Any CPU.ActiveCfg = Debug|Any CPU
		{A5F0C1DC-B54D-4D8F-91CB-F534480638E5}.Debug|Any CPU.Build.0 = Debug|Any CPU
		{A5F0C1DC-B54D-4D8F-91CB-F534480638E5}.Release|Any CPU.ActiveCfg = Release|Any CPU
		{A5F0C1DC-B54D-4D8F-91CB-F534480638E5}.Release|Any CPU.Build.0 = Release|Any CPU
	EndGlobalSection
	GlobalSection(SolutionProperties) = preSolution
		HideSolutionNode = FALSE
	EndGlobalSection
EndGlobal
